
Microsoft Visual Studio Solution File, Format Version 12.00
# Visual Studio Version 16
VisualStudioVersion = 16.0.30523.141
MinimumVisualStudioVersion = 10.0.40219.1
Project("{FAE04EC0-301F-11D3-BF4B-00C04F79EFBC}") = "IS7", "IS7\IS7.csproj", "{EB53B2A2-CACA-4786-B3FF-4DA993952CE7}"
EndProject
Global
	GlobalSection(SolutionConfigurationPlatforms) = preSolution
		Debug|Any CPU = Debug|Any CPU
		Release|Any CPU = Release|Any CPU
	EndGlobalSection
	GlobalSection(ProjectConfigurationPlatforms) = postSolution
		{EB53B2A2-CACA-4786-B3FF-4DA993952CE7}.Debug|Any CPU.ActiveCfg = Debug|Any CPU
		{EB53B2A2-CACA-4786-B3FF-4DA993952CE7}.Debug|Any CPU.Build.0 = Debug|Any CPU
		{EB53B2A2-CACA-4786-B3FF-4DA993952CE7}.Release|Any CPU.ActiveCfg = Release|Any CPU
		{EB53B2A2-CACA-4786-B3FF-4DA993952CE7}.Release|Any CPU.Build.0 = Release|Any CPU
	EndGlobalSection
	GlobalSection(SolutionProperties) = preSolution
		HideSolutionNode = FALSE
	EndGlobalSection
	GlobalSection(ExtensibilityGlobals) = postSolution
		SolutionGuid = {0BC6C5B9-B8F5-4748-94D8-500DC8F79AD3}
	EndGlobalSection
EndGlobal
